
Microsoft Visual Studio Solution File, Format Version 12.00
# Visual Studio 15
VisualStudioVersion = 15.0.28307.902
MinimumVisualStudioVersion = 10.0.40219.1
Project("{FAE04EC0-301F-11D3-BF4B-00C04F79EFBC}") = "WPFPrismDryIocDemo", "WPFPrismDryIocDemo\WPFPrismDryIocDemo.csproj", "{95332DE5-24AC-4159-9FB4-BA85E9A579AF}"
EndProject
Global
	GlobalSection(SolutionConfigurationPlatforms) = preSolution
		Debug|Any CPU = Debug|Any CPU
		Release|Any CPU = Release|Any CPU
	EndGlobalSection
	GlobalSection(ProjectConfigurationPlatforms) = postSolution
		{95332DE5-24AC-4159-9FB4-BA85E9A579AF}.Debug|Any CPU.ActiveCfg = Debug|Any CPU
		{95332DE5-24AC-4159-9FB4-BA85E9A579AF}.Debug|Any CPU.Build.0 = Debug|Any CPU
		{95332DE5-24AC-4159-9FB4-BA85E9A579AF}.Release|Any CPU.ActiveCfg = Release|Any CPU
		{95332DE5-24AC-4159-9FB4-BA85E9A579AF}.Release|Any CPU.Build.0 = Release|Any CPU
	EndGlobalSection
	GlobalSection(SolutionProperties) = preSolution
		HideSolutionNode = FALSE
	EndGlobalSection
	GlobalSection(ExtensibilityGlobals) = postSolution
		SolutionGuid = {C289ED81-AE03-4BDC-9C89-C5A62FC0C129}
	EndGlobalSection
EndGlobal
