
Microsoft Visual Studio Solution File, Format Version 12.00
# Visual Studio 15
VisualStudioVersion = 15.0.28307.902
MinimumVisualStudioVersion = 10.0.40219.1
Project("{FAE04EC0-301F-11D3-BF4B-00C04F79EFBC}") = "WPFPrismDryIocDemo", "WPFPrismDryIocDemo\WPFPrismDryIocDemo.csproj", "{95332DE5-24AC-4159-9FB4-BA85E9A579AF}"
EndProject
Project("{FAE04EC0-301F-11D3-BF4B-00C04F79EFBC}") = "BootstrapperShell", "BootstrapperShell\BootstrapperShell.csproj", "{F0F7CD36-4A68-41B7-A96F-59E78A0A3A4E}"
EndProject
Project("{FAE04EC0-301F-11D3-BF4B-00C04F79EFBC}") = "Regions", "Regions\Regions.csproj", "{83B8A6F9-ACA4-4195-9458-FC0CAC4B89A8}"
EndProject
Project("{FAE04EC0-301F-11D3-BF4B-00C04F79EFBC}") = "CustomRegions", "CustomRegions\CustomRegions.csproj", "{A2705103-E5EB-4AB3-BCB5-29425CE583DD}"
EndProject
Project("{FAE04EC0-301F-11D3-BF4B-00C04F79EFBC}") = "ViewDiscovery", "ViewDiscovery\ViewDiscovery.csproj", "{BF31B90D-E0D0-490F-8E79-8364B25F855C}"
EndProject
Project("{FAE04EC0-301F-11D3-BF4B-00C04F79EFBC}") = "ViewInjection", "ViewInjection\ViewInjection.csproj", "{BE06D339-AC00-4D65-9CE9-00470327BDE7}"
EndProject
Project("{FAE04EC0-301F-11D3-BF4B-00C04F79EFBC}") = "ActivationDeactivation", "ActivationDeactivation\ActivationDeactivation.csproj", "{3713CD0A-A846-4B99-98DE-AC94AA19797A}"
EndProject
Project("{FAE04EC0-301F-11D3-BF4B-00C04F79EFBC}") = "Modules", "Modules\Modules.csproj", "{5B8CE60E-BF4A-45BC-B445-A4A653890E76}"
	ProjectSection(ProjectDependencies) = postProject
		{E1B9652F-FB74-48D0-994E-30F6EC07483B} = {E1B9652F-FB74-48D0-994E-30F6EC07483B}
	EndProjectSection
EndProject
Project("{2150E333-8FDC-42A3-9474-1A3956D46DE8}") = "07.Module", "07.Module", "{DCAABA2C-058B-4A2A-95CB-6C18AB070AD9}"
EndProject
Project("{FAE04EC0-301F-11D3-BF4B-00C04F79EFBC}") = "ModuleA", "ModuleA\ModuleA.csproj", "{E1B9652F-FB74-48D0-994E-30F6EC07483B}"
EndProject
Project("{2150E333-8FDC-42A3-9474-1A3956D46DE8}") = "08.ViewModelLocator", "08.ViewModelLocator", "{F37E258A-4410-4B2E-B27B-619CBB4BE36E}"
EndProject
Project("{FAE04EC0-301F-11D3-BF4B-00C04F79EFBC}") = "ViewModelLocator", "ViewModelLocator\ViewModelLocator.csproj", "{2C237E6B-F338-40AF-9E63-6243BDDE56F5}"
EndProject
Project("{2150E333-8FDC-42A3-9474-1A3956D46DE8}") = "09.ChangeConvention", "09.ChangeConvention", "{0C6E891A-EF35-4720-953B-9B4E63E07972}"
EndProject
Project("{FAE04EC0-301F-11D3-BF4B-00C04F79EFBC}") = "ViewModelLocatorChangeConvention", "ViewModelLocatorChangeConvention\ViewModelLocatorChangeConvention.csproj", "{67671F74-8677-4CD7-809C-BC673410DBC0}"
EndProject
Project("{2150E333-8FDC-42A3-9474-1A3956D46DE8}") = "10.CustomRegistrations", "10.CustomRegistrations", "{B4691FC9-2CA3-4BF2-A4A2-D926A9F99D6E}"
EndProject
Project("{FAE04EC0-301F-11D3-BF4B-00C04F79EFBC}") = "ViewModelLocationProvider", "ViewModelLocationProvider\ViewModelLocationProvider.csproj", "{C6DBC9AA-F5C9-4162-A285-CBCB280BD4F0}"
EndProject
Project("{2150E333-8FDC-42A3-9474-1A3956D46DE8}") = "11.UsingDelegateCommands", "11.UsingDelegateCommands", "{3A70A402-8DAC-443E-8B64-E404905EBF9F}"
EndProject
Project("{FAE04EC0-301F-11D3-BF4B-00C04F79EFBC}") = "UsingDelegateCommands", "UsingDelegateCommands\UsingDelegateCommands.csproj", "{AE5A7C97-AA6C-41F6-A55A-1DA003FF6AF6}"
EndProject
Project("{2150E333-8FDC-42A3-9474-1A3956D46DE8}") = "12.UsingCompositeCommands", "12.UsingCompositeCommands", "{61980CFE-0656-4387-B71C-254213964F45}"
EndProject
Project("{FAE04EC0-301F-11D3-BF4B-00C04F79EFBC}") = "UsingCompositeCommands", "UsingCompositeCommands\UsingCompositeCommands.csproj", "{09A65CD0-40B7-467F-A9B3-55EB2A80FD57}"
EndProject
Project("{FAE04EC0-301F-11D3-BF4B-00C04F79EFBC}") = "UsingGlobalCompositeCommands", "UsingGlobalCompositeCommands\UsingGlobalCompositeCommands.csproj", "{F32BE384-A2E2-4B45-8E27-35F8D92C4E61}"
	ProjectSection(ProjectDependencies) = postProject
		{0D7F4020-CBA6-4DFB-B75A-B62691E6EF2E} = {0D7F4020-CBA6-4DFB-B75A-B62691E6EF2E}
		{09A65CD0-40B7-467F-A9B3-55EB2A80FD57} = {09A65CD0-40B7-467F-A9B3-55EB2A80FD57}
	EndProjectSection
EndProject
Project("{FAE04EC0-301F-11D3-BF4B-00C04F79EFBC}") = "ModuleATabView", "ModuleATabView\ModuleATabView.csproj", "{0D7F4020-CBA6-4DFB-B75A-B62691E6EF2E}"
EndProject
Project("{2150E333-8FDC-42A3-9474-1A3956D46DE8}") = "13.IActiveAwareCommands", "13.IActiveAwareCommands", "{947A3EAA-87CF-4132-AD33-015AFDF9DEB4}"
EndProject
Project("{2150E333-8FDC-42A3-9474-1A3956D46DE8}") = "01.BootstrapperShell", "01.BootstrapperShell", "{9F5B8C9B-6D42-4636-8935-C953E821632B}"
EndProject
Project("{2150E333-8FDC-42A3-9474-1A3956D46DE8}") = "02.Regions", "02.Regions", "{5AFA22FE-991D-4B64-A3F9-BA15334B2066}"
EndProject
Project("{2150E333-8FDC-42A3-9474-1A3956D46DE8}") = "03.CustomRegions", "03.CustomRegions", "{CE5842AB-E6B0-48FD-A091-5E6074DF4F5E}"
EndProject
Project("{2150E333-8FDC-42A3-9474-1A3956D46DE8}") = "04.ViewDiscovery", "04.ViewDiscovery", "{5A7D3710-930D-420E-8E11-2A7938C9F6FE}"
EndProject
Project("{2150E333-8FDC-42A3-9474-1A3956D46DE8}") = "05.ViewInjection", "05.ViewInjection", "{D22796CE-91FE-421B-85F3-C1EB8A738033}"
EndProject
Project("{2150E333-8FDC-42A3-9474-1A3956D46DE8}") = "06.ViewActivationDeactivation", "06.ViewActivationDeactivation", "{440E874F-45AE-478D-AA0B-6C93D7DFEF8D}"
EndProject
Project("{FAE04EC0-301F-11D3-BF4B-00C04F79EFBC}") = "ModuleATabView", "ModuleATabViewIActiveAware\ModuleATabView.csproj", "{1C3E5795-FADF-4029-9F27-2F0D4C3D23C8}"
EndProject
Project("{FAE04EC0-301F-11D3-BF4B-00C04F79EFBC}") = "UsingGlobalCompositeCommands", "UsingGlobalCompositeCommandsIActiveAware\UsingGlobalCompositeCommands.csproj", "{8B461599-45BF-449B-AE5E-36015E999285}"
EndProject
Project("{FAE04EC0-301F-11D3-BF4B-00C04F79EFBC}") = "UsingCompositeCommands", "UsingCompositeCommandsIActiveAware\UsingCompositeCommands.csproj", "{4C30F55E-99FB-4185-B42D-5C1B785EE42A}"
EndProject
Project("{2150E333-8FDC-42A3-9474-1A3956D46DE8}") = "14.UsingEventAggregator", "14.UsingEventAggregator", "{DBC385E4-C895-46D6-A6B0-741DAECADE4F}"
EndProject
Project("{2150E333-8FDC-42A3-9474-1A3956D46DE8}") = "15.FilteringEvents", "15.FilteringEvents", "{416E96DD-52A2-4520-A998-A507652C79A7}"
EndProject
Project("{2150E333-8FDC-42A3-9474-1A3956D46DE8}") = "16.RegionContext", "16.RegionContext", "{0949B38B-6F90-48CB-8F6A-030BB7E80CAE}"
EndProject
Project("{2150E333-8FDC-42A3-9474-1A3956D46DE8}") = "17.BasicRegionNavigation", "17.BasicRegionNavigation", "{E7FBFA50-406E-46A3-886E-9FA18A2B15BE}"
EndProject
Project("{2150E333-8FDC-42A3-9474-1A3956D46DE8}") = "18.NavigationCallback", "18.NavigationCallback", "{2C83AEC7-03DF-47C9-B603-9A7BEA95EF5F}"
EndProject
Project("{2150E333-8FDC-42A3-9474-1A3956D46DE8}") = "19.NavigationParticipation", "19.NavigationParticipation", "{A19DB227-262D-416D-9298-BA353868BC5C}"
EndProject
Project("{2150E333-8FDC-42A3-9474-1A3956D46DE8}") = "20.NavigateToExistingViews", "20.NavigateToExistingViews", "{CA622896-B12F-4B91-AEE3-4CC06DF89325}"
EndProject
Project("{2150E333-8FDC-42A3-9474-1A3956D46DE8}") = "21.PassingParameters", "21.PassingParameters", "{E2E88985-5655-4449-A694-9FDECA47F795}"
EndProject
Project("{2150E333-8FDC-42A3-9474-1A3956D46DE8}") = "22.ConfirmCancelNavigation", "22.ConfirmCancelNavigation", "{B349ED9D-3304-4891-9F76-8F32F8CA8744}"
EndProject
Project("{2150E333-8FDC-42A3-9474-1A3956D46DE8}") = "23.RegionMemberLifetime", "23.RegionMemberLifetime", "{85B9470A-7862-426E-A9B3-957B6AAFC8E8}"
EndProject
Project("{2150E333-8FDC-42A3-9474-1A3956D46DE8}") = "24.NavigationJournal", "24.NavigationJournal", "{889A6D70-7144-439A-8298-1A25E1ABD293}"
EndProject
Project("{2150E333-8FDC-42A3-9474-1A3956D46DE8}") = "25.InvokeCommandAction", "25.InvokeCommandAction", "{0BCFF5ED-AF2C-475F-8A63-F794BEDEFCB5}"
EndProject
Project("{FAE04EC0-301F-11D3-BF4B-00C04F79EFBC}") = "UsingPubSubEvent", "UsingPubSubEvent\UsingPubSubEvent.csproj", "{B27B78C3-8354-47FC-9BC8-C501C63D5EBA}"
EndProject
Project("{FAE04EC0-301F-11D3-BF4B-00C04F79EFBC}") = "UsingEventAggregator", "UsingEventAggregator\UsingEventAggregator.csproj", "{7D6F9BF0-E620-44DC-9F78-1853AA65AF60}"
EndProject
Project("{FAE04EC0-301F-11D3-BF4B-00C04F79EFBC}") = "EAModuleA", "EAModuleA\EAModuleA.csproj", "{C2A56716-5937-41F4-BE59-D167EB173BE0}"
EndProject
Project("{FAE04EC0-301F-11D3-BF4B-00C04F79EFBC}") = "EAModuleB", "EAModuleB\EAModuleB.csproj", "{6F3AE451-98DB-4C48-AEEE-D2A55A6D75C8}"
EndProject
Project("{FAE04EC0-301F-11D3-BF4B-00C04F79EFBC}") = "UsingEventAggregator", "FilteringEvents\UsingEventAggregator.csproj", "{3ED39657-FE16-41BD-9B24-7D702D5E7601}"
	ProjectSection(ProjectDependencies) = postProject
		{66B99616-562F-427F-88FF-87E9BAB7E0D6} = {66B99616-562F-427F-88FF-87E9BAB7E0D6}
		{F1A23561-5A71-443E-B88E-26B5EDAD66CE} = {F1A23561-5A71-443E-B88E-26B5EDAD66CE}
	EndProjectSection
EndProject
Project("{FAE04EC0-301F-11D3-BF4B-00C04F79EFBC}") = "EAModuleA", "FilteringEAModuleA\EAModuleA.csproj", "{66B99616-562F-427F-88FF-87E9BAB7E0D6}"
EndProject
Project("{FAE04EC0-301F-11D3-BF4B-00C04F79EFBC}") = "EAModuleB", "FilteringEAModuleB\EAModuleB.csproj", "{F1A23561-5A71-443E-B88E-26B5EDAD66CE}"
EndProject
Project("{FAE04EC0-301F-11D3-BF4B-00C04F79EFBC}") = "RegionContext", "RegionContext\RegionContext.csproj", "{17D73DE5-AB3F-49A9-9300-A84FA73BF2E1}"
	ProjectSection(ProjectDependencies) = postProject
		{69BFB030-E862-400E-B6C1-C95110B63E33} = {69BFB030-E862-400E-B6C1-C95110B63E33}
	EndProjectSection
EndProject
Project("{FAE04EC0-301F-11D3-BF4B-00C04F79EFBC}") = "RCModuleA", "RCModuleA\RCModuleA.csproj", "{69BFB030-E862-400E-B6C1-C95110B63E33}"
EndProject
Project("{FAE04EC0-301F-11D3-BF4B-00C04F79EFBC}") = "BasicRegionNavigation", "BasicRegionNavigation\BasicRegionNavigation.csproj", "{8C1CF253-0700-4152-B7AC-1877C936C476}"
EndProject
Project("{FAE04EC0-301F-11D3-BF4B-00C04F79EFBC}") = "BRNModuleA", "BRNModuleA\BRNModuleA.csproj", "{9FD0EEEA-486C-4696-B9E8-44ECDBF2CE96}"
EndProject
Project("{FAE04EC0-301F-11D3-BF4B-00C04F79EFBC}") = "BasicRegionNavigation", "RegionNavigationCallBack\BasicRegionNavigation.csproj", "{FFED7A96-A02B-462B-8A19-3FEB7EF4510A}"
EndProject
Project("{FAE04EC0-301F-11D3-BF4B-00C04F79EFBC}") = "BRNModuleA", "BRNCallBackModuleA\BRNModuleA.csproj", "{DBDD6609-3A96-4AFE-BDBA-EAC066ADE220}"
EndProject
Project("{FAE04EC0-301F-11D3-BF4B-00C04F79EFBC}") = "NavigationParticipation", "NavigationParticipation\NavigationParticipation.csproj", "{63A41A46-B430-41F3-B1B7-2CAD1B0058A5}"
EndProject
Project("{FAE04EC0-301F-11D3-BF4B-00C04F79EFBC}") = "NPModuleAModule", "NPModuleAModule\NPModuleAModule.csproj", "{DAABFF19-6DC2-4B97-9C4B-7C48FC854B9A}"
EndProject
Project("{FAE04EC0-301F-11D3-BF4B-00C04F79EFBC}") = "NavigateToExistingView", "NavigateToExistingView\NavigateToExistingView.csproj", "{7361498A-14FD-4A29-9625-70EE3DA826D3}"
EndProject
Project("{FAE04EC0-301F-11D3-BF4B-00C04F79EFBC}") = "NTEModuleAModule", "NTEModuleAModule\NTEModuleAModule.csproj", "{31AFCBAD-1CB3-4C3E-932A-7CAB846A7221}"
EndProject
Project("{FAE04EC0-301F-11D3-BF4B-00C04F79EFBC}") = "PassingParameters", "PassingParameters\PassingParameters.csproj", "{37121039-48DA-434C-BD18-23E30542B050}"
	ProjectSection(ProjectDependencies) = postProject
		{77754035-A170-4CC0-A6CE-3A424FDE2AB0} = {77754035-A170-4CC0-A6CE-3A424FDE2AB0}
	EndProjectSection
EndProject
Project("{FAE04EC0-301F-11D3-BF4B-00C04F79EFBC}") = "PPModuleA", "PPModuleA\PPModuleA.csproj", "{77754035-A170-4CC0-A6CE-3A424FDE2AB0}"
EndProject
Project("{FAE04EC0-301F-11D3-BF4B-00C04F79EFBC}") = "ConfirmCancelNavigation", "ConfirmCancelNavigation\ConfirmCancelNavigation.csproj", "{DB5F821B-DDF6-4091-9B7C-FBAFAFE07D1A}"
EndProject
Project("{FAE04EC0-301F-11D3-BF4B-00C04F79EFBC}") = "CCModuleA", "CCModuleA\CCModuleA.csproj", "{260BF76C-31BC-48F9-BF4A-101986570426}"
EndProject
Project("{FAE04EC0-301F-11D3-BF4B-00C04F79EFBC}") = "RegionMemberLifetime", "RegionMemberLifetime\RegionMemberLifetime.csproj", "{A188A62A-F404-477C-99B0-986F4334296B}"
	ProjectSection(ProjectDependencies) = postProject
		{64A14268-9B1B-48A3-88B0-AA7DCBE96377} = {64A14268-9B1B-48A3-88B0-AA7DCBE96377}
	EndProjectSection
EndProject
Project("{FAE04EC0-301F-11D3-BF4B-00C04F79EFBC}") = "RMLModuleA", "RMLModuleA\RMLModuleA.csproj", "{64A14268-9B1B-48A3-88B0-AA7DCBE96377}"
EndProject
Project("{FAE04EC0-301F-11D3-BF4B-00C04F79EFBC}") = "NJModuleA", "NJModuleA\NJModuleA.csproj", "{90634F1B-C3AA-401E-8804-EB74AB36FD2D}"
EndProject
Project("{FAE04EC0-301F-11D3-BF4B-00C04F79EFBC}") = "NavigationJournal", "NavigationJournal\NavigationJournal.csproj", "{02BC731F-8BB7-4FD6-B6BC-C9521B98FB9A}"
EndProject
Project("{FAE04EC0-301F-11D3-BF4B-00C04F79EFBC}") = "UsingInvokeCommandAction", "UsingInvokeCommandAction\UsingInvokeCommandAction.csproj", "{0C8EED00-06AF-4E2B-A523-283C8D6A28B1}"
EndProject
Global
	GlobalSection(SolutionConfigurationPlatforms) = preSolution
		Debug|Any CPU = Debug|Any CPU
		Release|Any CPU = Release|Any CPU
	EndGlobalSection
	GlobalSection(ProjectConfigurationPlatforms) = postSolution
		{95332DE5-24AC-4159-9FB4-BA85E9A579AF}.Debug|Any CPU.ActiveCfg = Debug|Any CPU
		{95332DE5-24AC-4159-9FB4-BA85E9A579AF}.Debug|Any CPU.Build.0 = Debug|Any CPU
		{95332DE5-24AC-4159-9FB4-BA85E9A579AF}.Release|Any CPU.ActiveCfg = Release|Any CPU
		{95332DE5-24AC-4159-9FB4-BA85E9A579AF}.Release|Any CPU.Build.0 = Release|Any CPU
		{F0F7CD36-4A68-41B7-A96F-59E78A0A3A4E}.Debug|Any CPU.ActiveCfg = Debug|Any CPU
		{F0F7CD36-4A68-41B7-A96F-59E78A0A3A4E}.Debug|Any CPU.Build.0 = Debug|Any CPU
		{F0F7CD36-4A68-41B7-A96F-59E78A0A3A4E}.Release|Any CPU.ActiveCfg = Release|Any CPU
		{F0F7CD36-4A68-41B7-A96F-59E78A0A3A4E}.Release|Any CPU.Build.0 = Release|Any CPU
		{83B8A6F9-ACA4-4195-9458-FC0CAC4B89A8}.Debug|Any CPU.ActiveCfg = Debug|Any CPU
		{83B8A6F9-ACA4-4195-9458-FC0CAC4B89A8}.Debug|Any CPU.Build.0 = Debug|Any CPU
		{83B8A6F9-ACA4-4195-9458-FC0CAC4B89A8}.Release|Any CPU.ActiveCfg = Release|Any CPU
		{83B8A6F9-ACA4-4195-9458-FC0CAC4B89A8}.Release|Any CPU.Build.0 = Release|Any CPU
		{A2705103-E5EB-4AB3-BCB5-29425CE583DD}.Debug|Any CPU.ActiveCfg = Debug|Any CPU
		{A2705103-E5EB-4AB3-BCB5-29425CE583DD}.Debug|Any CPU.Build.0 = Debug|Any CPU
		{A2705103-E5EB-4AB3-BCB5-29425CE583DD}.Release|Any CPU.ActiveCfg = Release|Any CPU
		{A2705103-E5EB-4AB3-BCB5-29425CE583DD}.Release|Any CPU.Build.0 = Release|Any CPU
		{BF31B90D-E0D0-490F-8E79-8364B25F855C}.Debug|Any CPU.ActiveCfg = Debug|Any CPU
		{BF31B90D-E0D0-490F-8E79-8364B25F855C}.Debug|Any CPU.Build.0 = Debug|Any CPU
		{BF31B90D-E0D0-490F-8E79-8364B25F855C}.Release|Any CPU.ActiveCfg = Release|Any CPU
		{BF31B90D-E0D0-490F-8E79-8364B25F855C}.Release|Any CPU.Build.0 = Release|Any CPU
		{BE06D339-AC00-4D65-9CE9-00470327BDE7}.Debug|Any CPU.ActiveCfg = Debug|Any CPU
		{BE06D339-AC00-4D65-9CE9-00470327BDE7}.Debug|Any CPU.Build.0 = Debug|Any CPU
		{BE06D339-AC00-4D65-9CE9-00470327BDE7}.Release|Any CPU.ActiveCfg = Release|Any CPU
		{BE06D339-AC00-4D65-9CE9-00470327BDE7}.Release|Any CPU.Build.0 = Release|Any CPU
		{3713CD0A-A846-4B99-98DE-AC94AA19797A}.Debug|Any CPU.ActiveCfg = Debug|Any CPU
		{3713CD0A-A846-4B99-98DE-AC94AA19797A}.Debug|Any CPU.Build.0 = Debug|Any CPU
		{3713CD0A-A846-4B99-98DE-AC94AA19797A}.Release|Any CPU.ActiveCfg = Release|Any CPU
		{3713CD0A-A846-4B99-98DE-AC94AA19797A}.Release|Any CPU.Build.0 = Release|Any CPU
		{5B8CE60E-BF4A-45BC-B445-A4A653890E76}.Debug|Any CPU.ActiveCfg = Debug|Any CPU
		{5B8CE60E-BF4A-45BC-B445-A4A653890E76}.Debug|Any CPU.Build.0 = Debug|Any CPU
		{5B8CE60E-BF4A-45BC-B445-A4A653890E76}.Release|Any CPU.ActiveCfg = Release|Any CPU
		{5B8CE60E-BF4A-45BC-B445-A4A653890E76}.Release|Any CPU.Build.0 = Release|Any CPU
		{E1B9652F-FB74-48D0-994E-30F6EC07483B}.Debug|Any CPU.ActiveCfg = Debug|Any CPU
		{E1B9652F-FB74-48D0-994E-30F6EC07483B}.Debug|Any CPU.Build.0 = Debug|Any CPU
		{E1B9652F-FB74-48D0-994E-30F6EC07483B}.Release|Any CPU.ActiveCfg = Release|Any CPU
		{E1B9652F-FB74-48D0-994E-30F6EC07483B}.Release|Any CPU.Build.0 = Release|Any CPU
		{2C237E6B-F338-40AF-9E63-6243BDDE56F5}.Debug|Any CPU.ActiveCfg = Debug|Any CPU
		{2C237E6B-F338-40AF-9E63-6243BDDE56F5}.Debug|Any CPU.Build.0 = Debug|Any CPU
		{2C237E6B-F338-40AF-9E63-6243BDDE56F5}.Release|Any CPU.ActiveCfg = Release|Any CPU
		{2C237E6B-F338-40AF-9E63-6243BDDE56F5}.Release|Any CPU.Build.0 = Release|Any CPU
		{67671F74-8677-4CD7-809C-BC673410DBC0}.Debug|Any CPU.ActiveCfg = Debug|Any CPU
		{67671F74-8677-4CD7-809C-BC673410DBC0}.Debug|Any CPU.Build.0 = Debug|Any CPU
		{67671F74-8677-4CD7-809C-BC673410DBC0}.Release|Any CPU.ActiveCfg = Release|Any CPU
		{67671F74-8677-4CD7-809C-BC673410DBC0}.Release|Any CPU.Build.0 = Release|Any CPU
		{C6DBC9AA-F5C9-4162-A285-CBCB280BD4F0}.Debug|Any CPU.ActiveCfg = Debug|Any CPU
		{C6DBC9AA-F5C9-4162-A285-CBCB280BD4F0}.Debug|Any CPU.Build.0 = Debug|Any CPU
		{C6DBC9AA-F5C9-4162-A285-CBCB280BD4F0}.Release|Any CPU.ActiveCfg = Release|Any CPU
		{C6DBC9AA-F5C9-4162-A285-CBCB280BD4F0}.Release|Any CPU.Build.0 = Release|Any CPU
		{AE5A7C97-AA6C-41F6-A55A-1DA003FF6AF6}.Debug|Any CPU.ActiveCfg = Debug|Any CPU
		{AE5A7C97-AA6C-41F6-A55A-1DA003FF6AF6}.Debug|Any CPU.Build.0 = Debug|Any CPU
		{AE5A7C97-AA6C-41F6-A55A-1DA003FF6AF6}.Release|Any CPU.ActiveCfg = Release|Any CPU
		{AE5A7C97-AA6C-41F6-A55A-1DA003FF6AF6}.Release|Any CPU.Build.0 = Release|Any CPU
		{09A65CD0-40B7-467F-A9B3-55EB2A80FD57}.Debug|Any CPU.ActiveCfg = Debug|Any CPU
		{09A65CD0-40B7-467F-A9B3-55EB2A80FD57}.Debug|Any CPU.Build.0 = Debug|Any CPU
		{09A65CD0-40B7-467F-A9B3-55EB2A80FD57}.Release|Any CPU.ActiveCfg = Release|Any CPU
		{09A65CD0-40B7-467F-A9B3-55EB2A80FD57}.Release|Any CPU.Build.0 = Release|Any CPU
		{F32BE384-A2E2-4B45-8E27-35F8D92C4E61}.Debug|Any CPU.ActiveCfg = Debug|Any CPU
		{F32BE384-A2E2-4B45-8E27-35F8D92C4E61}.Debug|Any CPU.Build.0 = Debug|Any CPU
		{F32BE384-A2E2-4B45-8E27-35F8D92C4E61}.Release|Any CPU.ActiveCfg = Release|Any CPU
		{F32BE384-A2E2-4B45-8E27-35F8D92C4E61}.Release|Any CPU.Build.0 = Release|Any CPU
		{0D7F4020-CBA6-4DFB-B75A-B62691E6EF2E}.Debug|Any CPU.ActiveCfg = Debug|Any CPU
		{0D7F4020-CBA6-4DFB-B75A-B62691E6EF2E}.Debug|Any CPU.Build.0 = Debug|Any CPU
		{0D7F4020-CBA6-4DFB-B75A-B62691E6EF2E}.Release|Any CPU.ActiveCfg = Release|Any CPU
		{0D7F4020-CBA6-4DFB-B75A-B62691E6EF2E}.Release|Any CPU.Build.0 = Release|Any CPU
		{1C3E5795-FADF-4029-9F27-2F0D4C3D23C8}.Debug|Any CPU.ActiveCfg = Debug|Any CPU
		{1C3E5795-FADF-4029-9F27-2F0D4C3D23C8}.Debug|Any CPU.Build.0 = Debug|Any CPU
		{1C3E5795-FADF-4029-9F27-2F0D4C3D23C8}.Release|Any CPU.ActiveCfg = Release|Any CPU
		{1C3E5795-FADF-4029-9F27-2F0D4C3D23C8}.Release|Any CPU.Build.0 = Release|Any CPU
		{8B461599-45BF-449B-AE5E-36015E999285}.Debug|Any CPU.ActiveCfg = Debug|Any CPU
		{8B461599-45BF-449B-AE5E-36015E999285}.Debug|Any CPU.Build.0 = Debug|Any CPU
		{8B461599-45BF-449B-AE5E-36015E999285}.Release|Any CPU.ActiveCfg = Release|Any CPU
		{8B461599-45BF-449B-AE5E-36015E999285}.Release|Any CPU.Build.0 = Release|Any CPU
		{4C30F55E-99FB-4185-B42D-5C1B785EE42A}.Debug|Any CPU.ActiveCfg = Debug|Any CPU
		{4C30F55E-99FB-4185-B42D-5C1B785EE42A}.Debug|Any CPU.Build.0 = Debug|Any CPU
		{4C30F55E-99FB-4185-B42D-5C1B785EE42A}.Release|Any CPU.ActiveCfg = Release|Any CPU
		{4C30F55E-99FB-4185-B42D-5C1B785EE42A}.Release|Any CPU.Build.0 = Release|Any CPU
		{B27B78C3-8354-47FC-9BC8-C501C63D5EBA}.Debug|Any CPU.ActiveCfg = Debug|Any CPU
		{B27B78C3-8354-47FC-9BC8-C501C63D5EBA}.Debug|Any CPU.Build.0 = Debug|Any CPU
		{B27B78C3-8354-47FC-9BC8-C501C63D5EBA}.Release|Any CPU.ActiveCfg = Release|Any CPU
		{B27B78C3-8354-47FC-9BC8-C501C63D5EBA}.Release|Any CPU.Build.0 = Release|Any CPU
		{7D6F9BF0-E620-44DC-9F78-1853AA65AF60}.Debug|Any CPU.ActiveCfg = Debug|Any CPU
		{7D6F9BF0-E620-44DC-9F78-1853AA65AF60}.Debug|Any CPU.Build.0 = Debug|Any CPU
		{7D6F9BF0-E620-44DC-9F78-1853AA65AF60}.Release|Any CPU.ActiveCfg = Release|Any CPU
		{7D6F9BF0-E620-44DC-9F78-1853AA65AF60}.Release|Any CPU.Build.0 = Release|Any CPU
		{C2A56716-5937-41F4-BE59-D167EB173BE0}.Debug|Any CPU.ActiveCfg = Debug|Any CPU
		{C2A56716-5937-41F4-BE59-D167EB173BE0}.Debug|Any CPU.Build.0 = Debug|Any CPU
		{C2A56716-5937-41F4-BE59-D167EB173BE0}.Release|Any CPU.ActiveCfg = Release|Any CPU
		{C2A56716-5937-41F4-BE59-D167EB173BE0}.Release|Any CPU.Build.0 = Release|Any CPU
		{6F3AE451-98DB-4C48-AEEE-D2A55A6D75C8}.Debug|Any CPU.ActiveCfg = Debug|Any CPU
		{6F3AE451-98DB-4C48-AEEE-D2A55A6D75C8}.Debug|Any CPU.Build.0 = Debug|Any CPU
		{6F3AE451-98DB-4C48-AEEE-D2A55A6D75C8}.Release|Any CPU.ActiveCfg = Release|Any CPU
		{6F3AE451-98DB-4C48-AEEE-D2A55A6D75C8}.Release|Any CPU.Build.0 = Release|Any CPU
		{3ED39657-FE16-41BD-9B24-7D702D5E7601}.Debug|Any CPU.ActiveCfg = Debug|Any CPU
		{3ED39657-FE16-41BD-9B24-7D702D5E7601}.Debug|Any CPU.Build.0 = Debug|Any CPU
		{3ED39657-FE16-41BD-9B24-7D702D5E7601}.Release|Any CPU.ActiveCfg = Release|Any CPU
		{3ED39657-FE16-41BD-9B24-7D702D5E7601}.Release|Any CPU.Build.0 = Release|Any CPU
		{66B99616-562F-427F-88FF-87E9BAB7E0D6}.Debug|Any CPU.ActiveCfg = Debug|Any CPU
		{66B99616-562F-427F-88FF-87E9BAB7E0D6}.Debug|Any CPU.Build.0 = Debug|Any CPU
		{66B99616-562F-427F-88FF-87E9BAB7E0D6}.Release|Any CPU.ActiveCfg = Release|Any CPU
		{66B99616-562F-427F-88FF-87E9BAB7E0D6}.Release|Any CPU.Build.0 = Release|Any CPU
		{F1A23561-5A71-443E-B88E-26B5EDAD66CE}.Debug|Any CPU.ActiveCfg = Debug|Any CPU
		{F1A23561-5A71-443E-B88E-26B5EDAD66CE}.Debug|Any CPU.Build.0 = Debug|Any CPU
		{F1A23561-5A71-443E-B88E-26B5EDAD66CE}.Release|Any CPU.ActiveCfg = Release|Any CPU
		{F1A23561-5A71-443E-B88E-26B5EDAD66CE}.Release|Any CPU.Build.0 = Release|Any CPU
		{17D73DE5-AB3F-49A9-9300-A84FA73BF2E1}.Debug|Any CPU.ActiveCfg = Debug|Any CPU
		{17D73DE5-AB3F-49A9-9300-A84FA73BF2E1}.Debug|Any CPU.Build.0 = Debug|Any CPU
		{17D73DE5-AB3F-49A9-9300-A84FA73BF2E1}.Release|Any CPU.ActiveCfg = Release|Any CPU
		{17D73DE5-AB3F-49A9-9300-A84FA73BF2E1}.Release|Any CPU.Build.0 = Release|Any CPU
		{69BFB030-E862-400E-B6C1-C95110B63E33}.Debug|Any CPU.ActiveCfg = Debug|Any CPU
		{69BFB030-E862-400E-B6C1-C95110B63E33}.Debug|Any CPU.Build.0 = Debug|Any CPU
		{69BFB030-E862-400E-B6C1-C95110B63E33}.Release|Any CPU.ActiveCfg = Release|Any CPU
		{69BFB030-E862-400E-B6C1-C95110B63E33}.Release|Any CPU.Build.0 = Release|Any CPU
		{8C1CF253-0700-4152-B7AC-1877C936C476}.Debug|Any CPU.ActiveCfg = Debug|Any CPU
		{8C1CF253-0700-4152-B7AC-1877C936C476}.Debug|Any CPU.Build.0 = Debug|Any CPU
		{8C1CF253-0700-4152-B7AC-1877C936C476}.Release|Any CPU.ActiveCfg = Release|Any CPU
		{8C1CF253-0700-4152-B7AC-1877C936C476}.Release|Any CPU.Build.0 = Release|Any CPU
		{9FD0EEEA-486C-4696-B9E8-44ECDBF2CE96}.Debug|Any CPU.ActiveCfg = Debug|Any CPU
		{9FD0EEEA-486C-4696-B9E8-44ECDBF2CE96}.Debug|Any CPU.Build.0 = Debug|Any CPU
		{9FD0EEEA-486C-4696-B9E8-44ECDBF2CE96}.Release|Any CPU.ActiveCfg = Release|Any CPU
		{9FD0EEEA-486C-4696-B9E8-44ECDBF2CE96}.Release|Any CPU.Build.0 = Release|Any CPU
		{FFED7A96-A02B-462B-8A19-3FEB7EF4510A}.Debug|Any CPU.ActiveCfg = Debug|Any CPU
		{FFED7A96-A02B-462B-8A19-3FEB7EF4510A}.Debug|Any CPU.Build.0 = Debug|Any CPU
		{FFED7A96-A02B-462B-8A19-3FEB7EF4510A}.Release|Any CPU.ActiveCfg = Release|Any CPU
		{FFED7A96-A02B-462B-8A19-3FEB7EF4510A}.Release|Any CPU.Build.0 = Release|Any CPU
		{DBDD6609-3A96-4AFE-BDBA-EAC066ADE220}.Debug|Any CPU.ActiveCfg = Debug|Any CPU
		{DBDD6609-3A96-4AFE-BDBA-EAC066ADE220}.Debug|Any CPU.Build.0 = Debug|Any CPU
		{DBDD6609-3A96-4AFE-BDBA-EAC066ADE220}.Release|Any CPU.ActiveCfg = Release|Any CPU
		{DBDD6609-3A96-4AFE-BDBA-EAC066ADE220}.Release|Any CPU.Build.0 = Release|Any CPU
		{63A41A46-B430-41F3-B1B7-2CAD1B0058A5}.Debug|Any CPU.ActiveCfg = Debug|Any CPU
		{63A41A46-B430-41F3-B1B7-2CAD1B0058A5}.Debug|Any CPU.Build.0 = Debug|Any CPU
		{63A41A46-B430-41F3-B1B7-2CAD1B0058A5}.Release|Any CPU.ActiveCfg = Release|Any CPU
		{63A41A46-B430-41F3-B1B7-2CAD1B0058A5}.Release|Any CPU.Build.0 = Release|Any CPU
		{DAABFF19-6DC2-4B97-9C4B-7C48FC854B9A}.Debug|Any CPU.ActiveCfg = Debug|Any CPU
		{DAABFF19-6DC2-4B97-9C4B-7C48FC854B9A}.Debug|Any CPU.Build.0 = Debug|Any CPU
		{DAABFF19-6DC2-4B97-9C4B-7C48FC854B9A}.Release|Any CPU.ActiveCfg = Release|Any CPU
		{DAABFF19-6DC2-4B97-9C4B-7C48FC854B9A}.Release|Any CPU.Build.0 = Release|Any CPU
		{7361498A-14FD-4A29-9625-70EE3DA826D3}.Debug|Any CPU.ActiveCfg = Debug|Any CPU
		{7361498A-14FD-4A29-9625-70EE3DA826D3}.Debug|Any CPU.Build.0 = Debug|Any CPU
		{7361498A-14FD-4A29-9625-70EE3DA826D3}.Release|Any CPU.ActiveCfg = Release|Any CPU
		{7361498A-14FD-4A29-9625-70EE3DA826D3}.Release|Any CPU.Build.0 = Release|Any CPU
		{31AFCBAD-1CB3-4C3E-932A-7CAB846A7221}.Debug|Any CPU.ActiveCfg = Debug|Any CPU
		{31AFCBAD-1CB3-4C3E-932A-7CAB846A7221}.Debug|Any CPU.Build.0 = Debug|Any CPU
		{31AFCBAD-1CB3-4C3E-932A-7CAB846A7221}.Release|Any CPU.ActiveCfg = Release|Any CPU
		{31AFCBAD-1CB3-4C3E-932A-7CAB846A7221}.Release|Any CPU.Build.0 = Release|Any CPU
		{37121039-48DA-434C-BD18-23E30542B050}.Debug|Any CPU.ActiveCfg = Debug|Any CPU
		{37121039-48DA-434C-BD18-23E30542B050}.Debug|Any CPU.Build.0 = Debug|Any CPU
		{37121039-48DA-434C-BD18-23E30542B050}.Release|Any CPU.ActiveCfg = Release|Any CPU
		{37121039-48DA-434C-BD18-23E30542B050}.Release|Any CPU.Build.0 = Release|Any CPU
		{77754035-A170-4CC0-A6CE-3A424FDE2AB0}.Debug|Any CPU.ActiveCfg = Debug|Any CPU
		{77754035-A170-4CC0-A6CE-3A424FDE2AB0}.Debug|Any CPU.Build.0 = Debug|Any CPU
		{77754035-A170-4CC0-A6CE-3A424FDE2AB0}.Release|Any CPU.ActiveCfg = Release|Any CPU
		{77754035-A170-4CC0-A6CE-3A424FDE2AB0}.Release|Any CPU.Build.0 = Release|Any CPU
		{DB5F821B-DDF6-4091-9B7C-FBAFAFE07D1A}.Debug|Any CPU.ActiveCfg = Debug|Any CPU
		{DB5F821B-DDF6-4091-9B7C-FBAFAFE07D1A}.Debug|Any CPU.Build.0 = Debug|Any CPU
		{DB5F821B-DDF6-4091-9B7C-FBAFAFE07D1A}.Release|Any CPU.ActiveCfg = Release|Any CPU
		{DB5F821B-DDF6-4091-9B7C-FBAFAFE07D1A}.Release|Any CPU.Build.0 = Release|Any CPU
		{260BF76C-31BC-48F9-BF4A-101986570426}.Debug|Any CPU.ActiveCfg = Debug|Any CPU
		{260BF76C-31BC-48F9-BF4A-101986570426}.Debug|Any CPU.Build.0 = Debug|Any CPU
		{260BF76C-31BC-48F9-BF4A-101986570426}.Release|Any CPU.ActiveCfg = Release|Any CPU
		{260BF76C-31BC-48F9-BF4A-101986570426}.Release|Any CPU.Build.0 = Release|Any CPU
		{A188A62A-F404-477C-99B0-986F4334296B}.Debug|Any CPU.ActiveCfg = Debug|Any CPU
		{A188A62A-F404-477C-99B0-986F4334296B}.Debug|Any CPU.Build.0 = Debug|Any CPU
		{A188A62A-F404-477C-99B0-986F4334296B}.Release|Any CPU.ActiveCfg = Release|Any CPU
		{A188A62A-F404-477C-99B0-986F4334296B}.Release|Any CPU.Build.0 = Release|Any CPU
		{64A14268-9B1B-48A3-88B0-AA7DCBE96377}.Debug|Any CPU.ActiveCfg = Debug|Any CPU
		{64A14268-9B1B-48A3-88B0-AA7DCBE96377}.Debug|Any CPU.Build.0 = Debug|Any CPU
		{64A14268-9B1B-48A3-88B0-AA7DCBE96377}.Release|Any CPU.ActiveCfg = Release|Any CPU
		{64A14268-9B1B-48A3-88B0-AA7DCBE96377}.Release|Any CPU.Build.0 = Release|Any CPU
		{90634F1B-C3AA-401E-8804-EB74AB36FD2D}.Debug|Any CPU.ActiveCfg = Debug|Any CPU
		{90634F1B-C3AA-401E-8804-EB74AB36FD2D}.Debug|Any CPU.Build.0 = Debug|Any CPU
		{90634F1B-C3AA-401E-8804-EB74AB36FD2D}.Release|Any CPU.ActiveCfg = Release|Any CPU
		{90634F1B-C3AA-401E-8804-EB74AB36FD2D}.Release|Any CPU.Build.0 = Release|Any CPU
		{02BC731F-8BB7-4FD6-B6BC-C9521B98FB9A}.Debug|Any CPU.ActiveCfg = Debug|Any CPU
		{02BC731F-8BB7-4FD6-B6BC-C9521B98FB9A}.Debug|Any CPU.Build.0 = Debug|Any CPU
		{02BC731F-8BB7-4FD6-B6BC-C9521B98FB9A}.Release|Any CPU.ActiveCfg = Release|Any CPU
		{02BC731F-8BB7-4FD6-B6BC-C9521B98FB9A}.Release|Any CPU.Build.0 = Release|Any CPU
		{0C8EED00-06AF-4E2B-A523-283C8D6A28B1}.Debug|Any CPU.ActiveCfg = Debug|Any CPU
		{0C8EED00-06AF-4E2B-A523-283C8D6A28B1}.Debug|Any CPU.Build.0 = Debug|Any CPU
		{0C8EED00-06AF-4E2B-A523-283C8D6A28B1}.Release|Any CPU.ActiveCfg = Release|Any CPU
		{0C8EED00-06AF-4E2B-A523-283C8D6A28B1}.Release|Any CPU.Build.0 = Release|Any CPU
	EndGlobalSection
	GlobalSection(SolutionProperties) = preSolution
		HideSolutionNode = FALSE
	EndGlobalSection
	GlobalSection(NestedProjects) = preSolution
		{F0F7CD36-4A68-41B7-A96F-59E78A0A3A4E} = {9F5B8C9B-6D42-4636-8935-C953E821632B}
		{83B8A6F9-ACA4-4195-9458-FC0CAC4B89A8} = {5AFA22FE-991D-4B64-A3F9-BA15334B2066}
		{A2705103-E5EB-4AB3-BCB5-29425CE583DD} = {CE5842AB-E6B0-48FD-A091-5E6074DF4F5E}
		{BF31B90D-E0D0-490F-8E79-8364B25F855C} = {5A7D3710-930D-420E-8E11-2A7938C9F6FE}
		{BE06D339-AC00-4D65-9CE9-00470327BDE7} = {D22796CE-91FE-421B-85F3-C1EB8A738033}
		{3713CD0A-A846-4B99-98DE-AC94AA19797A} = {440E874F-45AE-478D-AA0B-6C93D7DFEF8D}
		{5B8CE60E-BF4A-45BC-B445-A4A653890E76} = {DCAABA2C-058B-4A2A-95CB-6C18AB070AD9}
		{E1B9652F-FB74-48D0-994E-30F6EC07483B} = {DCAABA2C-058B-4A2A-95CB-6C18AB070AD9}
		{2C237E6B-F338-40AF-9E63-6243BDDE56F5} = {F37E258A-4410-4B2E-B27B-619CBB4BE36E}
		{67671F74-8677-4CD7-809C-BC673410DBC0} = {0C6E891A-EF35-4720-953B-9B4E63E07972}
		{C6DBC9AA-F5C9-4162-A285-CBCB280BD4F0} = {B4691FC9-2CA3-4BF2-A4A2-D926A9F99D6E}
		{AE5A7C97-AA6C-41F6-A55A-1DA003FF6AF6} = {3A70A402-8DAC-443E-8B64-E404905EBF9F}
		{09A65CD0-40B7-467F-A9B3-55EB2A80FD57} = {61980CFE-0656-4387-B71C-254213964F45}
		{F32BE384-A2E2-4B45-8E27-35F8D92C4E61} = {61980CFE-0656-4387-B71C-254213964F45}
		{0D7F4020-CBA6-4DFB-B75A-B62691E6EF2E} = {61980CFE-0656-4387-B71C-254213964F45}
		{1C3E5795-FADF-4029-9F27-2F0D4C3D23C8} = {947A3EAA-87CF-4132-AD33-015AFDF9DEB4}
		{8B461599-45BF-449B-AE5E-36015E999285} = {947A3EAA-87CF-4132-AD33-015AFDF9DEB4}
		{4C30F55E-99FB-4185-B42D-5C1B785EE42A} = {947A3EAA-87CF-4132-AD33-015AFDF9DEB4}
		{B27B78C3-8354-47FC-9BC8-C501C63D5EBA} = {DBC385E4-C895-46D6-A6B0-741DAECADE4F}
		{7D6F9BF0-E620-44DC-9F78-1853AA65AF60} = {DBC385E4-C895-46D6-A6B0-741DAECADE4F}
		{C2A56716-5937-41F4-BE59-D167EB173BE0} = {DBC385E4-C895-46D6-A6B0-741DAECADE4F}
		{6F3AE451-98DB-4C48-AEEE-D2A55A6D75C8} = {DBC385E4-C895-46D6-A6B0-741DAECADE4F}
		{3ED39657-FE16-41BD-9B24-7D702D5E7601} = {416E96DD-52A2-4520-A998-A507652C79A7}
		{66B99616-562F-427F-88FF-87E9BAB7E0D6} = {416E96DD-52A2-4520-A998-A507652C79A7}
		{F1A23561-5A71-443E-B88E-26B5EDAD66CE} = {416E96DD-52A2-4520-A998-A507652C79A7}
		{17D73DE5-AB3F-49A9-9300-A84FA73BF2E1} = {0949B38B-6F90-48CB-8F6A-030BB7E80CAE}
		{69BFB030-E862-400E-B6C1-C95110B63E33} = {0949B38B-6F90-48CB-8F6A-030BB7E80CAE}
		{8C1CF253-0700-4152-B7AC-1877C936C476} = {E7FBFA50-406E-46A3-886E-9FA18A2B15BE}
		{9FD0EEEA-486C-4696-B9E8-44ECDBF2CE96} = {E7FBFA50-406E-46A3-886E-9FA18A2B15BE}
		{FFED7A96-A02B-462B-8A19-3FEB7EF4510A} = {2C83AEC7-03DF-47C9-B603-9A7BEA95EF5F}
		{DBDD6609-3A96-4AFE-BDBA-EAC066ADE220} = {2C83AEC7-03DF-47C9-B603-9A7BEA95EF5F}
		{63A41A46-B430-41F3-B1B7-2CAD1B0058A5} = {A19DB227-262D-416D-9298-BA353868BC5C}
		{DAABFF19-6DC2-4B97-9C4B-7C48FC854B9A} = {A19DB227-262D-416D-9298-BA353868BC5C}
		{7361498A-14FD-4A29-9625-70EE3DA826D3} = {CA622896-B12F-4B91-AEE3-4CC06DF89325}
		{31AFCBAD-1CB3-4C3E-932A-7CAB846A7221} = {CA622896-B12F-4B91-AEE3-4CC06DF89325}
		{37121039-48DA-434C-BD18-23E30542B050} = {E2E88985-5655-4449-A694-9FDECA47F795}
		{77754035-A170-4CC0-A6CE-3A424FDE2AB0} = {E2E88985-5655-4449-A694-9FDECA47F795}
		{DB5F821B-DDF6-4091-9B7C-FBAFAFE07D1A} = {B349ED9D-3304-4891-9F76-8F32F8CA8744}
		{260BF76C-31BC-48F9-BF4A-101986570426} = {B349ED9D-3304-4891-9F76-8F32F8CA8744}
		{A188A62A-F404-477C-99B0-986F4334296B} = {85B9470A-7862-426E-A9B3-957B6AAFC8E8}
		{64A14268-9B1B-48A3-88B0-AA7DCBE96377} = {85B9470A-7862-426E-A9B3-957B6AAFC8E8}
		{90634F1B-C3AA-401E-8804-EB74AB36FD2D} = {889A6D70-7144-439A-8298-1A25E1ABD293}
		{02BC731F-8BB7-4FD6-B6BC-C9521B98FB9A} = {889A6D70-7144-439A-8298-1A25E1ABD293}
		{0C8EED00-06AF-4E2B-A523-283C8D6A28B1} = {0BCFF5ED-AF2C-475F-8A63-F794BEDEFCB5}
	EndGlobalSection
	GlobalSection(ExtensibilityGlobals) = postSolution
		SolutionGuid = {C289ED81-AE03-4BDC-9C89-C5A62FC0C129}
	EndGlobalSection
EndGlobal
